
Microsoft Visual Studio Solution File, Format Version 12.00
# Visual Studio Version 16
VisualStudioVersion = 16.0.31624.102
MinimumVisualStudioVersion = 10.0.40219.1
Project("{FAE04EC0-301F-11D3-BF4B-00C04F79EFBC}") = "BugfathterValentine", "BugfathterValentine\BugfathterValentine.csproj", "{FAAAB0AA-1FD6-4072-B0C6-5BB7AAD2D1B4}"
EndProject
Global
	GlobalSection(SolutionConfigurationPlatforms) = preSolution
		Debug|Any CPU = Debug|Any CPU
		Release|Any CPU = Release|Any CPU
	EndGlobalSection
	GlobalSection(ProjectConfigurationPlatforms) = postSolution
		{FAAAB0AA-1FD6-4072-B0C6-5BB7AAD2D1B4}.Debug|Any CPU.ActiveCfg = Debug|Any CPU
		{FAAAB0AA-1FD6-4072-B0C6-5BB7AAD2D1B4}.Debug|Any CPU.Build.0 = Debug|Any CPU
		{FAAAB0AA-1FD6-4072-B0C6-5BB7AAD2D1B4}.Release|Any CPU.ActiveCfg = Release|Any CPU
		{FAAAB0AA-1FD6-4072-B0C6-5BB7AAD2D1B4}.Release|Any CPU.Build.0 = Release|Any CPU
	EndGlobalSection
	GlobalSection(SolutionProperties) = preSolution
		HideSolutionNode = FALSE
	EndGlobalSection
	GlobalSection(ExtensibilityGlobals) = postSolution
		SolutionGuid = {3B06A897-2FB1-4191-A4AD-25F92153847A}
	EndGlobalSection
EndGlobal
